
Microsoft Visual Studio Solution File, Format Version 12.00
# Visual Studio Version 16
VisualStudioVersion = 16.0.31025.194
MinimumVisualStudioVersion = 10.0.40219.1
Project("{F184B08F-C81C-45F6-A57F-5ABD9991F28F}") = "Function dan Sub", "Function dan Sub\Function dan Sub.vbproj", "{CE159240-0D80-4AC5-BD7E-A911A61882E5}"
EndProject
Global
	GlobalSection(SolutionConfigurationPlatforms) = preSolution
		Debug|Any CPU = Debug|Any CPU
		Release|Any CPU = Release|Any CPU
	EndGlobalSection
	GlobalSection(ProjectConfigurationPlatforms) = postSolution
		{CE159240-0D80-4AC5-BD7E-A911A61882E5}.Debug|Any CPU.ActiveCfg = Debug|Any CPU
		{CE159240-0D80-4AC5-BD7E-A911A61882E5}.Debug|Any CPU.Build.0 = Debug|Any CPU
		{CE159240-0D80-4AC5-BD7E-A911A61882E5}.Release|Any CPU.ActiveCfg = Release|Any CPU
		{CE159240-0D80-4AC5-BD7E-A911A61882E5}.Release|Any CPU.Build.0 = Release|Any CPU
	EndGlobalSection
	GlobalSection(SolutionProperties) = preSolution
		HideSolutionNode = FALSE
	EndGlobalSection
	GlobalSection(ExtensibilityGlobals) = postSolution
		SolutionGuid = {F65363F1-E1F0-45F1-927B-B6BF7897CF8F}
	EndGlobalSection
EndGlobal
